{
    "version": 3,
    "terraform_version": "0.11.3",
    "serial": 17,
    "lineage": "2b25d33f-65c4-4021-be71-74d788a02103",
    "modules": [
        {
            "path": [
                "root"
            ],
            "outputs": {},
            "resources": {
                "aws_security_group.ssh_all": {
                    "type": "aws_security_group",
                    "depends_on": [
                        "aws_vpc.main"
                    ],
                    "primary": {
                        "id": "sg-e3525289",
                        "attributes": {
                            "arn": "arn:aws:ec2:us-east-2:614112407341:security-group/sg-e3525289",
                            "description": "Allow all inbound ssh traffic",
                            "egress.#": "1",
                            "egress.482069346.cidr_blocks.#": "1",
                            "egress.482069346.cidr_blocks.0": "0.0.0.0/0",
                            "egress.482069346.description": "",
                            "egress.482069346.from_port": "0",
                            "egress.482069346.ipv6_cidr_blocks.#": "0",
                            "egress.482069346.prefix_list_ids.#": "0",
                            "egress.482069346.protocol": "-1",
                            "egress.482069346.security_groups.#": "0",
                            "egress.482069346.self": "false",
                            "egress.482069346.to_port": "0",
                            "id": "sg-e3525289",
                            "ingress.#": "1",
                            "ingress.2541437006.cidr_blocks.#": "1",
                            "ingress.2541437006.cidr_blocks.0": "0.0.0.0/0",
                            "ingress.2541437006.description": "",
                            "ingress.2541437006.from_port": "22",
                            "ingress.2541437006.ipv6_cidr_blocks.#": "0",
                            "ingress.2541437006.protocol": "tcp",
                            "ingress.2541437006.security_groups.#": "0",
                            "ingress.2541437006.self": "false",
                            "ingress.2541437006.to_port": "22",
                            "name": "ssh_all",
                            "owner_id": "614112407341",
                            "revoke_rules_on_delete": "false",
                            "tags.%": "3",
                            "tags.Name": "ssh_all",
                            "tags.cddtype": "junk",
                            "tags.project": "vpc",
                            "vpc_id": "vpc-f4d6e19c"
                        },
                        "meta": {
                            "e2bfb730-ecaa-11e6-8f88-34363bc7c4c0": {
                                "create": 600000000000,
                                "delete": 600000000000
                            },
                            "schema_version": "1"
                        },
                        "tainted": false
                    },
                    "deposed": [],
                    "provider": "provider.aws"
                },
                "aws_vpc.main": {
                    "type": "aws_vpc",
                    "depends_on": [],
                    "primary": {
                        "id": "vpc-f4d6e19c",
                        "attributes": {
                            "arn": "arn:aws:ec2:us-east-2:614112407341:vpc/vpc-f4d6e19c",
                            "assign_generated_ipv6_cidr_block": "false",
                            "cidr_block": "10.0.1.0/24",
                            "default_network_acl_id": "acl-5b829033",
                            "default_route_table_id": "rtb-ef51ad84",
                            "default_security_group_id": "sg-164e4e7c",
                            "dhcp_options_id": "dopt-b042b0d9",
                            "enable_dns_hostnames": "false",
                            "enable_dns_support": "true",
                            "id": "vpc-f4d6e19c",
                            "instance_tenancy": "default",
                            "main_route_table_id": "rtb-ef51ad84",
                            "tags.%": "3",
                            "tags.Name": "main",
                            "tags.cddtype": "junk",
                            "tags.project": "vpc"
                        },
                        "meta": {
                            "schema_version": "1"
                        },
                        "tainted": false
                    },
                    "deposed": [],
                    "provider": "provider.aws"
                }
            },
            "depends_on": []
        }
    ]
}
